
Microsoft Visual Studio Solution File, Format Version 12.00
# Visual Studio Version 17
VisualStudioVersion = 17.0.31919.166
MinimumVisualStudioVersion = 10.0.40219.1
Project("{9A19103F-16F7-4668-BE54-9A1E7A4F7556}") = "Tienda", "Tienda.csproj", "{706E9042-CF51-4550-82FF-2A956AB21B00}"
EndProject
Project("{9A19103F-16F7-4668-BE54-9A1E7A4F7556}") = "TiendaSystem", "..\TiendaSystem\TiendaSystem.csproj", "{998D88AD-07C8-4D02-BFCC-AFC1B45334A7}"
EndProject
Project("{2150E333-8FDC-42A3-9474-1A3956D46DE8}") = "Solution Items", "Solution Items", "{BF121F65-8A80-487B-96FC-161FC001397A}"
	ProjectSection(SolutionItems) = preProject
		.editorconfig = .editorconfig
	EndProjectSection
EndProject
Global
	GlobalSection(SolutionConfigurationPlatforms) = preSolution
		Debug|Any CPU = Debug|Any CPU
		Release|Any CPU = Release|Any CPU
	EndGlobalSection
	GlobalSection(ProjectConfigurationPlatforms) = postSolution
		{706E9042-CF51-4550-82FF-2A956AB21B00}.Debug|Any CPU.ActiveCfg = Debug|Any CPU
		{706E9042-CF51-4550-82FF-2A956AB21B00}.Debug|Any CPU.Build.0 = Debug|Any CPU
		{706E9042-CF51-4550-82FF-2A956AB21B00}.Release|Any CPU.ActiveCfg = Release|Any CPU
		{706E9042-CF51-4550-82FF-2A956AB21B00}.Release|Any CPU.Build.0 = Release|Any CPU
		{998D88AD-07C8-4D02-BFCC-AFC1B45334A7}.Debug|Any CPU.ActiveCfg = Debug|Any CPU
		{998D88AD-07C8-4D02-BFCC-AFC1B45334A7}.Debug|Any CPU.Build.0 = Debug|Any CPU
		{998D88AD-07C8-4D02-BFCC-AFC1B45334A7}.Release|Any CPU.ActiveCfg = Release|Any CPU
		{998D88AD-07C8-4D02-BFCC-AFC1B45334A7}.Release|Any CPU.Build.0 = Release|Any CPU
	EndGlobalSection
	GlobalSection(SolutionProperties) = preSolution
		HideSolutionNode = FALSE
	EndGlobalSection
	GlobalSection(ExtensibilityGlobals) = postSolution
		SolutionGuid = {7816CEB0-8403-4EA8-9726-9E98F3BEE227}
	EndGlobalSection
EndGlobal
